
Microsoft Visual Studio Solution File, Format Version 12.00
# Visual Studio Version 16
VisualStudioVersion = 16.0.29911.84
MinimumVisualStudioVersion = 10.0.40219.1
Project("{9A19103F-16F7-4668-BE54-9A1E7A4F7556}") = "AzureFunctionApp", "AzureFunctionApp\AzureFunctionApp.csproj", "{6DF420F6-7642-4C1C-A425-F0EFAF2FC3F8}"
EndProject
Global
	GlobalSection(SolutionConfigurationPlatforms) = preSolution
		Debug|Any CPU = Debug|Any CPU
		Release|Any CPU = Release|Any CPU
	EndGlobalSection
	GlobalSection(ProjectConfigurationPlatforms) = postSolution
		{6DF420F6-7642-4C1C-A425-F0EFAF2FC3F8}.Debug|Any CPU.ActiveCfg = Debug|Any CPU
		{6DF420F6-7642-4C1C-A425-F0EFAF2FC3F8}.Debug|Any CPU.Build.0 = Debug|Any CPU
		{6DF420F6-7642-4C1C-A425-F0EFAF2FC3F8}.Release|Any CPU.ActiveCfg = Release|Any CPU
		{6DF420F6-7642-4C1C-A425-F0EFAF2FC3F8}.Release|Any CPU.Build.0 = Release|Any CPU
	EndGlobalSection
	GlobalSection(SolutionProperties) = preSolution
		HideSolutionNode = FALSE
	EndGlobalSection
	GlobalSection(ExtensibilityGlobals) = postSolution
		SolutionGuid = {A3297C11-A861-4E79-9AFD-86B9F40B2CDA}
	EndGlobalSection
EndGlobal
